dependencies:
- name: kube-state-metrics
  repository: https://kubernetes-charts.storage.googleapis.com/
  version: 0.9.0
- name: prometheus-node-exporter
  repository: https://kubernetes-charts.storage.googleapis.com/
  version: 0.3.0
- name: grafana
  repository: https://kubernetes-charts.storage.googleapis.com/
  version: 3.5.4
- name: kube-rules
  repository: file://vendor/kube-rules
  version: 1.0.1
- name: prometheus-server
  repository: file://vendor/prometheus-server
  version: 1.1.13
- name: oomkill-exporter
  repository: file://vendor/oomkill-exporter
  version: 0.1.0
- name: eventexporter
  repository: file://vendor/eventexporter
  version: 0.1.0
digest: sha256:54ae7c91f1091e9ab8322252f317f7da26adbb4803ca76c83490333625db0686
generated: 2019-06-21T11:56:48.050873295+02:00
