dependencies:
- name: kube-state-metrics
  repository: https://kubernetes-charts.storage.googleapis.com/
  version: 0.9.0
- name: kube-rules
  repository: https://charts.global.cloud.sap
  version: 1.0.0
- name: prometheus-server
  repository: https://charts.global.cloud.sap
  version: 1.1.9
- name: prometheus-node-exporter
  repository: https://kubernetes-charts.storage.googleapis.com/
  version: 0.3.0
digest: sha256:73e789829add1563ad0a967c222dbc945429afc8707edb2414eb84929b039607
generated: 2019-05-27T17:10:03.283899731+02:00
