dependencies:
- name: kube-state-metrics
  repository: https://kubernetes-charts.storage.googleapis.com/
  version: 0.9.0
- name: kube-rules
  repository: https://charts.eu-de-2.cloud.sap
  version: 1.0.1
- name: prometheus-server
  repository: https://charts.eu-de-2.cloud.sap
  version: 1.1.13
- name: prometheus-node-exporter
  repository: https://kubernetes-charts.storage.googleapis.com/
  version: 0.3.0
- name: oomkill-exporter
  repository: https://charts.eu-de-2.cloud.sap
  version: 0.1.0
- name: eventexporter
  repository: https://charts.eu-de-2.cloud.sap
  version: 0.1.0
digest: sha256:9bb0d0e5307b7d3107333da57cf98e782988802d6015c53fb1283f86fa39fc82
generated: 2019-06-18T15:22:48.387334044+02:00
