dependencies:
- name: k8sniff
  repository: file://../k8sniff
  version: 0.2.0
- name: rbac
  repository: file://vendor/rbac
  version: 0.1.6
- name: owner-info
  repository: https://charts.eu-de-2.cloud.sap
  version: 0.2.0
digest: sha256:e64c08081719ae1b76291a0d19047e5e9f824a3da48b32b033f3a8e99323390c
generated: "2023-05-23T16:37:12.350373746+02:00"
