dependencies:
- name: k8sniff
  repository: file://../k8sniff
  version: 0.2.0
- name: rbac
  repository: file://vendor/rbac
  version: 0.1.6
- name: owner-info
  repository: file://vendor/owner-info
  version: 0.2.0
digest: sha256:0111c6527e67624cf7869d4a3af5f58dfc2193020266b13c1feaf5b715043207
generated: "2023-05-24T09:26:58.683150792+02:00"
