dependencies:
- name: vice-president
  repository: file://vendor/vice-president
  version: 0.1.3
- name: kube-state-metrics
  repository: https://kubernetes-charts.storage.googleapis.com/
  version: 0.9.0
- name: grafana
  repository: https://raw.githubusercontent.com/BugRoger/charts/repo
  version: 0.6.2
- name: nginx-ingress
  repository: https://kubernetes-charts.storage.googleapis.com/
  version: 0.9.4
- name: prometheus-node-exporter
  repository: https://kubernetes-charts.storage.googleapis.com/
  version: 0.3.0
- name: oomkill-exporter
  repository: file://vendor/oomkill-exporter
  version: 0.1.0
- name: eventexporter
  repository: file://vendor/eventexporter
  version: 0.1.0
- name: fluent-bit
  repository: https://kubernetes-charts.storage.googleapis.com/
  version: 1.1.1
digest: sha256:c4731cb8cc9f10db8e81718524495d7596c061867090dc4120e3bb8969846eee
generated: 2018-12-17T09:28:23.256060573+01:00
