dependencies:
- name: vice-president
  repository: file://vendor/vice-president
  version: 0.1.3
- name: kube-state-metrics
  repository: https://kubernetes-charts.storage.googleapis.com/
  version: 0.9.0
- name: grafana
  repository: https://raw.githubusercontent.com/BugRoger/charts/repo
  version: 0.6.2
- name: nginx-ingress
  repository: https://kubernetes-charts.storage.googleapis.com/
  version: 0.9.4
- name: prometheus-node-exporter
  repository: https://kubernetes-charts.storage.googleapis.com/
  version: 0.3.0
- name: oomkill-exporter
  repository: file://vendor/oomkill-exporter
  version: 0.1.0
- name: eventexporter
  repository: file://vendor/eventexporter
  version: 0.1.0
- name: fluent-bit
  repository: https://kubernetes-charts.storage.googleapis.com/
  version: 0.16.3
digest: sha256:68e7833ea7849cfd2022b0d837a7d1066f128bf40d58dfef48b450611e5829f0
generated: 2018-12-12T11:22:28.462074993+01:00
